uuid: 16c75d25-8433-47e9-ad56-f52858130fd2
langcode: en
status: true
dependencies:
  config:
    - views.view.browse_by_community
  module:
    - system
    - views
  theme:
    - mukurtu_bartik
_core:
  default_config_hash: PmZCWaSI_WiZDnCzDQgybHZgqLEh8VzCLVtALxdzPeA
id: views_block__browse_by_community_community_browse_block
theme: mukurtu_bartik
region: content
weight: -2
provider: null
plugin: 'views_block:browse_by_community-community_browse_block'
settings:
  id: 'views_block:browse_by_community-community_browse_block'
  label: ''
  label_display: visible
  provider: views
  views_label: ''
  items_per_page: none
visibility:
  request_path:
    id: request_path
    negate: false
    pages: '<front>'
