uuid: 6e55136e-79e9-479f-8ebf-b73f1840747d
langcode: en
status: true
dependencies:
  config:
    - views.view.mukurtu_categories
  module:
    - system
    - views
  theme:
    - mukurtu_bartik
_core:
  default_config_hash: 0096mgFJhU2lbU4ORLx1H0PWBAIDxuNvWRK2QLITkBQ
id: views_block__mukurtu_categories_browse_by_category_block
theme: mukurtu_bartik
region: content
weight: -1
provider: null
plugin: 'views_block:mukurtu_categories-browse_by_category_block'
settings:
  id: 'views_block:mukurtu_categories-browse_by_category_block'
  label: ''
  label_display: visible
  provider: views
  views_label: ''
  items_per_page: '20'
visibility:
  request_path:
    id: request_path
    negate: false
    pages: '<front>'
