uuid: 95ed54f6-4432-4d76-8ef4-ccc8fd961c3f
langcode: en
status: true
dependencies: {  }
_core:
  default_config_hash: QNShIa8J1qvFIAqyJF1MLELpznpDkJxEQTmudAOPEKE
id: search_api__views_block__mukurtu_digital_heritage_browse__mukurtu_digital_heritage_browse_block
name: 'search_api:views_block__mukurtu_digital_heritage_browse__mukurtu_digital_heritage_browse_block'
filter_key: null
url_processor: query_string
breadcrumb: {  }
