langcode: en
status: true
dependencies:
  config:
    - block_content.type.local_contexts_block
  module:
    - content_translation
third_party_settings:
  content_translation:
    enabled: true
    bundle_settings:
      untranslatable_fields_hide: '0'
id: block_content.local_contexts_block
target_entity_type_id: block_content
target_bundle: local_contexts_block
default_langcode: site_default
language_alterable: true
